schema: '2.0'
stages:
  pole_position:
    cmd: julia scripts/X3876.jl
    deps:
    - path: scripts/X3876.jl
      md5: b29f16930a19a5024ece2a7170074310
      size: 2935
    - path: src/constants.jl
      md5: b552b91c2768f8c9f3050f503ebe1e28
      size: 523
    params:
      settings.json:
        fitresults:
          δm0: -363e-3 ± 40e-3
          Γ0_90CL: 135.0
          Γ0_95CL: 95.0
        phspmatching:
          cutoff: 4.0
          estep: 0.01
    outs:
    - path: results/nominal/pole.json
      md5: 86d2ecb9a88fa71bd374333d1c81baaa
      size: 700
    - path: results/nominal/pole_interpolation.json
      md5: b41a628f04fb9b45f432b5275971dd4e
      size: 4586
  model:
    cmd: julia scripts/model.jl
    deps:
    - path: src/constants.jl
      md5: fd8286685f525567a098d21f9c550022
      size: 649
    params:
      settings.json:
        fitresults:
          δm0: -360e-3 ± 40e-3
          Γ0_68CL_syst: 342.5
          Γ0_90CL_syst: 135.0
          Γ0_95CL_syst: 95.0
          Γ0_68CL_stat: 937.54
          Γ0_90CL_stat: 309.0
          Γ0_95CL_stat: 204.0
        phspmatching:
          cutoff: 4.0
          estep: 0.01
    outs:
    - path: results/nominal/model.json
      md5: 8d989ac0e1af7c5dca70f5593fba94c6
      size: 1230847
  effectiverange:
    cmd: julia scripts/effectiverange.jl
    deps:
    - path: results/nominal/model.json
      md5: 8d989ac0e1af7c5dca70f5593fba94c6
      size: 1230847
    params:
      settings.json:
        fitresults:
          δm0: -360e-3 ± 40e-3
          Γ0_68CL_syst: 342.5
          Γ0_90CL_syst: 135.0
          Γ0_95CL_syst: 95.0
          Γ0_68CL_stat: 937.54
          Γ0_90CL_stat: 309.0
          Γ0_95CL_stat: 204.0
    outs:
    - path: results/nominal/effective_range.json
      md5: 531539c89b09692bafc8d1fa4f74a15a
      size: 678
    - path: results/nominal/inverse_amplitude.json
      md5: 2a69f49040f0077ca984fc103156b587
      size: 17163
  polesearch:
    cmd: julia scripts/polesearch.jl
    deps:
    - path: results/nominal/model.json
      md5: 8d989ac0e1af7c5dca70f5593fba94c6
      size: 1230847
    params:
      settings.json:
        fitresults:
          δm0: -360e-3 ± 40e-3
          Γ0_68CL_syst: 342.5
          Γ0_90CL_syst: 135.0
          Γ0_95CL_syst: 95.0
          Γ0_68CL_stat: 937.54
          Γ0_90CL_stat: 309.0
          Γ0_95CL_stat: 204.0
        polepositiongrid:
          dm_min: -1.5
          dm_max: -0.01
          dm_N: 20
    outs:
    - path: results/nominal/pole_default.json
      md5: 327130cc0966d42eabaed8827a202455
      size: 4407
    - path: results/nominal/pole_interpolation_stat_syst.json
      md5: 64bf3a6f334d0f3c0a1b83fc8d934f2b
      size: 22124
