schema: '2.0'
stages:
  pole_position:
    cmd: julia scripts/X3876.jl
    deps:
    - path: scripts/X3876.jl
      md5: 5eb53f84ea3cee6242fb0f915a0eb2d0
      size: 2705
    - path: src/constants.jl
      md5: daf265dfbb5a6e9b6bf8910471edc3e8
      size: 465
    params:
      settings.json:
        fitresults:
          δm0: -363e-3 ± 40e-3
          Γ0_90CL: 135.0
          Γ0_95CL: 95.0
        phspmatching:
          cutoff: 4.0
          estep: 0.01
    outs:
    - path: results/nominal/pole.json
      md5: 044178293e6ffc9e23433a93ef572a47
      size: 599
    - path: results/nominal/pole_interpolation.json
      md5: c81b6b98f67d1128864ad2d9a080b8a3
      size: 1648
